PODS:
  - Realm (10.46.0):
    - Realm/Headers (= 10.46.0)
  - Realm/Headers (10.46.0)
  - RealmSwift (10.46.0):
    - Realm (= 10.46.0)
  - SwipeCellKit (2.7.1)

DEPENDENCIES:
  - RealmSwift
  - SwipeCellKit

SPEC REPOS:
  trunk:
    - Realm
    - RealmSwift
    - SwipeCellKit

SPEC CHECKSUMS:
  Realm: 699b80d8e5fc66acafd2d530199e77781a2d69d3
  RealmSwift: 3230b8fc63759433a6938a0dd2a5dc0dc2b15760
  SwipeCellKit: 3972254a826da74609926daf59b08d6c72e619ea

PODFILE CHECKSUM: 04d5247cbe3732f2803d7bcd949e6c5d6ad5a6c7

COCOAPODS: 1.16.2
