// !$*UTF8*$!
{
	archiveVersion = 1;
	classes = {
	};
	objectVersion = 56;
	objects = {

/* Begin PBXBuildFile section */
		A0A0A0A0A0A0A0A0A0A00101 /* TodoeyApp.swift in Sources */ = {isa = PBXBuildFile; fileRef = A0A0A0A0A0A0A0A0A0A00100 /* TodoeyApp.swift */; };
		A0A0A0A0A0A0A0A0A0A00103 /* Category.swift in Sources */ = {isa = PBXBuildFile; fileRef = A0A0A0A0A0A0A0A0A0A00102 /* Category.swift */; };
		A0A0A0A0A0A0A0A0A0A00105 /* Item.swift in Sources */ = {isa = PBXBuildFile; fileRef = A0A0A0A0A0A0A0A0A0A00104 /* Item.swift */; };
		A0A0A0A0A0A0A0A0A0A00107 /* CategoryListView.swift in Sources */ = {isa = PBXBuildFile; fileRef = A0A0A0A0A0A0A0A0A0A00106 /* CategoryListView.swift */; };
		A0A0A0A0A0A0A0A0A0A00109 /* CategoryRow.swift in Sources */ = {isa = PBXBuildFile; fileRef = A0A0A0A0A0A0A0A0A0A00108 /* CategoryRow.swift */; };
		A0A0A0A0A0A0A0A0A0A0010B /* ItemListView.swift in Sources */ = {isa = PBXBuildFile; fileRef = A0A0A0A0A0A0A0A0A0A0010A /* ItemListView.swift */; };
		A0A0A0A0A0A0A0A0A0A0010D /* ItemRow.swift in Sources */ = {isa = PBXBuildFile; fileRef = A0A0A0A0A0A0A0A0A0A0010C /* ItemRow.swift */; };
		A0A0A0A0A0A0A0A0A0A0010F /* CategoryPalette.swift in Sources */ = {isa = PBXBuildFile; fileRef = A0A0A0A0A0A0A0A0A0A0010E /* CategoryPalette.swift */; };
		A0A0A0A0A0A0A0A0A0A00111 /* ItemSearch.swift in Sources */ = {isa = PBXBuildFile; fileRef = A0A0A0A0A0A0A0A0A0A00110 /* ItemSearch.swift */; };
		A0A0A0A0A0A0A0A0A0A00113 /* Color+Hex.swift in Sources */ = {isa = PBXBuildFile; fileRef = A0A0A0A0A0A0A0A0A0A00112 /* Color+Hex.swift */; };
		A0A0A0A0A0A0A0A0A0A00115 /* Assets.xcassets in Resources */ = {isa = PBXBuildFile; fileRef = A0A0A0A0A0A0A0A0A0A00114 /* Assets.xcassets */; };
		A0A0A0A0A0A0A0A0A0A00121 /* CategoryPaletteTests.swift in Sources */ = {isa = PBXBuildFile; fileRef = A0A0A0A0A0A0A0A0A0A00120 /* CategoryPaletteTests.swift */; };
		A0A0A0A0A0A0A0A0A0A00123 /* ItemSearchTests.swift in Sources */ = {isa = PBXBuildFile; fileRef = A0A0A0A0A0A0A0A0A0A00122 /* ItemSearchTests.swift */; };
		A0A0A0A0A0A0A0A0A0A00125 /* ModelCrudTests.swift in Sources */ = {isa = PBXBuildFile; fileRef = A0A0A0A0A0A0A0A0A0A00124 /* ModelCrudTests.swift */; };
		A0A0A0A0A0A0A0A0A0A00131 /* PreviewSampleData.swift in Sources */ = {isa = PBXBuildFile; fileRef = A0A0A0A0A0A0A0A0A0A00130 /* PreviewSampleData.swift */; };
/* End PBXBuildFile section */

/* Begin PBXContainerItemProxy section */
		A0A0A0A0A0A0A0A0A0A00061 /* PBXContainerItemProxy */ = {
			isa = PBXContainerItemProxy;
			containerPortal = A0A0A0A0A0A0A0A0A0A00003 /* Project object */;
			proxyType = 1;
			remoteGlobalIDString = A0A0A0A0A0A0A0A0A0A00001;
			remoteInfo = Todoey;
		};
/* End PBXContainerItemProxy section */

/* Begin PBXFileReference section */
		A0A0A0A0A0A0A0A0A0A00050 /* Todoey.app */ = {isa = PBXFileReference; explicitFileType = wrapper.application; includeInIndex = 0; path = Todoey.app; sourceTree = BUILT_PRODUCTS_DIR; };
		A0A0A0A0A0A0A0A0A0A00051 /* TodoeyTests.xctest */ = {isa = PBXFileReference; explicitFileType = wrapper.cfbundle; includeInIndex = 0; path = TodoeyTests.xctest; sourceTree = BUILT_PRODUCTS_DIR; };
		A0A0A0A0A0A0A0A0A0A00100 /* TodoeyApp.swift */ = {isa = PBXFileReference; lastKnownFileType = sourcecode.swift; path = TodoeyApp.swift; sourceTree = "<group>"; };
		A0A0A0A0A0A0A0A0A0A00102 /* Category.swift */ = {isa = PBXFileReference; lastKnownFileType = sourcecode.swift; path = Category.swift; sourceTree = "<group>"; };
		A0A0A0A0A0A0A0A0A0A00104 /* Item.swift */ = {isa = PBXFileReference; lastKnownFileType = sourcecode.swift; path = Item.swift; sourceTree = "<group>"; };
		A0A0A0A0A0A0A0A0A0A00106 /* CategoryListView.swift */ = {isa = PBXFileReference; lastKnownFileType = sourcecode.swift; path = CategoryListView.swift; sourceTree = "<group>"; };
		A0A0A0A0A0A0A0A0A0A00108 /* CategoryRow.swift */ = {isa = PBXFileReference; lastKnownFileType = sourcecode.swift; path = CategoryRow.swift; sourceTree = "<group>"; };
		A0A0A0A0A0A0A0A0A0A0010A /* ItemListView.swift */ = {isa = PBXFileReference; lastKnownFileType = sourcecode.swift; path = ItemListView.swift; sourceTree = "<group>"; };
		A0A0A0A0A0A0A0A0A0A0010C /* ItemRow.swift */ = {isa = PBXFileReference; lastKnownFileType = sourcecode.swift; path = ItemRow.swift; sourceTree = "<group>"; };
		A0A0A0A0A0A0A0A0A0A0010E /* CategoryPalette.swift */ = {isa = PBXFileReference; lastKnownFileType = sourcecode.swift; path = CategoryPalette.swift; sourceTree = "<group>"; };
		A0A0A0A0A0A0A0A0A0A00110 /* ItemSearch.swift */ = {isa = PBXFileReference; lastKnownFileType = sourcecode.swift; path = ItemSearch.swift; sourceTree = "<group>"; };
		A0A0A0A0A0A0A0A0A0A00112 /* Color+Hex.swift */ = {isa = PBXFileReference; lastKnownFileType = sourcecode.swift; path = "Color+Hex.swift"; sourceTree = "<group>"; };
		A0A0A0A0A0A0A0A0A0A00114 /* Assets.xcassets */ = {isa = PBXFileReference; lastKnownFileType = folder.assetcatalog; path = Assets.xcassets; sourceTree = "<group>"; };
		A0A0A0A0A0A0A0A0A0A00120 /* CategoryPaletteTests.swift */ = {isa = PBXFileReference; lastKnownFileType = sourcecode.swift; path = CategoryPaletteTests.swift; sourceTree = "<group>"; };
		A0A0A0A0A0A0A0A0A0A00122 /* ItemSearchTests.swift */ = {isa = PBXFileReference; lastKnownFileType = sourcecode.swift; path = ItemSearchTests.swift; sourceTree = "<group>"; };
		A0A0A0A0A0A0A0A0A0A00124 /* ModelCrudTests.swift */ = {isa = PBXFileReference; lastKnownFileType = sourcecode.swift; path = ModelCrudTests.swift; sourceTree = "<group>"; };
		A0A0A0A0A0A0A0A0A0A00130 /* PreviewSampleData.swift */ = {isa = PBXFileReference; lastKnownFileType = sourcecode.swift; path = PreviewSampleData.swift; sourceTree = "<group>"; };
/* End PBXFileReference section */

/* Begin PBXFrameworksBuildPhase section */
		A0A0A0A0A0A0A0A0A0A00031 /* Frameworks */ = {
			isa = PBXFrameworksBuildPhase;
			buildActionMask = 2147483647;
			files = (
			);
			runOnlyForDeploymentPostprocessing = 0;
		};
		A0A0A0A0A0A0A0A0A0A00034 /* Frameworks */ = {
			isa = PBXFrameworksBuildPhase;
			buildActionMask = 2147483647;
			files = (
			);
			runOnlyForDeploymentPostprocessing = 0;
		};
/* End PBXFrameworksBuildPhase section */

/* Begin PBXGroup section */
		A0A0A0A0A0A0A0A0A0A00040 = {
			isa = PBXGroup;
			children = (
				A0A0A0A0A0A0A0A0A0A00041 /* Todoey */,
				A0A0A0A0A0A0A0A0A0A00046 /* TodoeyTests */,
				A0A0A0A0A0A0A0A0A0A00047 /* Products */,
			);
			sourceTree = "<group>";
		};
		A0A0A0A0A0A0A0A0A0A00041 /* Todoey */ = {
			isa = PBXGroup;
			children = (
				A0A0A0A0A0A0A0A0A0A00100 /* TodoeyApp.swift */,
				A0A0A0A0A0A0A0A0A0A00042 /* Models */,
				A0A0A0A0A0A0A0A0A0A00043 /* Views */,
				A0A0A0A0A0A0A0A0A0A00044 /* Services */,
				A0A0A0A0A0A0A0A0A0A00045 /* Helpers */,
				A0A0A0A0A0A0A0A0A0A00114 /* Assets.xcassets */,
			);
			path = Todoey;
			sourceTree = "<group>";
		};
		A0A0A0A0A0A0A0A0A0A00042 /* Models */ = {
			isa = PBXGroup;
			children = (
				A0A0A0A0A0A0A0A0A0A00102 /* Category.swift */,
				A0A0A0A0A0A0A0A0A0A00104 /* Item.swift */,
			);
			path = Models;
			sourceTree = "<group>";
		};
		A0A0A0A0A0A0A0A0A0A00043 /* Views */ = {
			isa = PBXGroup;
			children = (
				A0A0A0A0A0A0A0A0A0A00106 /* CategoryListView.swift */,
				A0A0A0A0A0A0A0A0A0A00108 /* CategoryRow.swift */,
				A0A0A0A0A0A0A0A0A0A0010A /* ItemListView.swift */,
				A0A0A0A0A0A0A0A0A0A0010C /* ItemRow.swift */,
			);
			path = Views;
			sourceTree = "<group>";
		};
		A0A0A0A0A0A0A0A0A0A00044 /* Services */ = {
			isa = PBXGroup;
			children = (
				A0A0A0A0A0A0A0A0A0A0010E /* CategoryPalette.swift */,
				A0A0A0A0A0A0A0A0A0A00110 /* ItemSearch.swift */,
			);
			path = Services;
			sourceTree = "<group>";
		};
		A0A0A0A0A0A0A0A0A0A00045 /* Helpers */ = {
			isa = PBXGroup;
			children = (
				A0A0A0A0A0A0A0A0A0A00112 /* Color+Hex.swift */,
				A0A0A0A0A0A0A0A0A0A00130 /* PreviewSampleData.swift */,
			);
			path = Helpers;
			sourceTree = "<group>";
		};
		A0A0A0A0A0A0A0A0A0A00046 /* TodoeyTests */ = {
			isa = PBXGroup;
			children = (
				A0A0A0A0A0A0A0A0A0A00120 /* CategoryPaletteTests.swift */,
				A0A0A0A0A0A0A0A0A0A00122 /* ItemSearchTests.swift */,
				A0A0A0A0A0A0A0A0A0A00124 /* ModelCrudTests.swift */,
			);
			path = TodoeyTests;
			sourceTree = "<group>";
		};
		A0A0A0A0A0A0A0A0A0A00047 /* Products */ = {
			isa = PBXGroup;
			children = (
				A0A0A0A0A0A0A0A0A0A00050 /* Todoey.app */,
				A0A0A0A0A0A0A0A0A0A00051 /* TodoeyTests.xctest */,
			);
			name = Products;
			sourceTree = "<group>";
		};
/* End PBXGroup section */

/* Begin PBXNativeTarget section */
		A0A0A0A0A0A0A0A0A0A00001 /* Todoey */ = {
			isa = PBXNativeTarget;
			buildConfigurationList = A0A0A0A0A0A0A0A0A0A00011 /* Build configuration list for PBXNativeTarget "Todoey" */;
			buildPhases = (
				A0A0A0A0A0A0A0A0A0A00030 /* Sources */,
				A0A0A0A0A0A0A0A0A0A00031 /* Frameworks */,
				A0A0A0A0A0A0A0A0A0A00032 /* Resources */,
			);
			buildRules = (
			);
			dependencies = (
			);
			name = Todoey;
			productName = Todoey;
			productReference = A0A0A0A0A0A0A0A0A0A00050 /* Todoey.app */;
			productType = "com.apple.product-type.application";
		};
		A0A0A0A0A0A0A0A0A0A00002 /* TodoeyTests */ = {
			isa = PBXNativeTarget;
			buildConfigurationList = A0A0A0A0A0A0A0A0A0A00012 /* Build configuration list for PBXNativeTarget "TodoeyTests" */;
			buildPhases = (
				A0A0A0A0A0A0A0A0A0A00033 /* Sources */,
				A0A0A0A0A0A0A0A0A0A00034 /* Frameworks */,
			);
			buildRules = (
			);
			dependencies = (
				A0A0A0A0A0A0A0A0A0A00060 /* PBXTargetDependency */,
			);
			name = TodoeyTests;
			productName = TodoeyTests;
			productReference = A0A0A0A0A0A0A0A0A0A00051 /* TodoeyTests.xctest */;
			productType = "com.apple.product-type.bundle.unit-test";
		};
/* End PBXNativeTarget section */

/* Begin PBXProject section */
		A0A0A0A0A0A0A0A0A0A00003 /* Project object */ = {
			isa = PBXProject;
			attributes = {
				BuildIndependentTargetsInParallel = YES;
				LastSwiftUpdateCheck = 2660;
				LastUpgradeCheck = 2660;
				TargetAttributes = {
					A0A0A0A0A0A0A0A0A0A00001 = {
						CreatedOnToolsVersion = 26.6;
					};
					A0A0A0A0A0A0A0A0A0A00002 = {
						CreatedOnToolsVersion = 26.6;
						TestTargetID = A0A0A0A0A0A0A0A0A0A00001;
					};
				};
			};
			buildConfigurationList = A0A0A0A0A0A0A0A0A0A00010 /* Build configuration list for PBXProject "Todoey" */;
			compatibilityVersion = "Xcode 14.0";
			developmentRegion = en;
			hasScannedForEncodings = 0;
			knownRegions = (
				en,
				Base,
			);
			mainGroup = A0A0A0A0A0A0A0A0A0A00040;
			productRefGroup = A0A0A0A0A0A0A0A0A0A00047 /* Products */;
			projectDirPath = "";
			projectRoot = "";
			targets = (
				A0A0A0A0A0A0A0A0A0A00001 /* Todoey */,
				A0A0A0A0A0A0A0A0A0A00002 /* TodoeyTests */,
			);
		};
/* End PBXProject section */

/* Begin PBXResourcesBuildPhase section */
		A0A0A0A0A0A0A0A0A0A00032 /* Resources */ = {
			isa = PBXResourcesBuildPhase;
			buildActionMask = 2147483647;
			files = (
				A0A0A0A0A0A0A0A0A0A00115 /* Assets.xcassets in Resources */,
			);
			runOnlyForDeploymentPostprocessing = 0;
		};
/* End PBXResourcesBuildPhase section */

/* Begin PBXSourcesBuildPhase section */
		A0A0A0A0A0A0A0A0A0A00030 /* Sources */ = {
			isa = PBXSourcesBuildPhase;
			buildActionMask = 2147483647;
			files = (
				A0A0A0A0A0A0A0A0A0A00101 /* TodoeyApp.swift in Sources */,
				A0A0A0A0A0A0A0A0A0A00103 /* Category.swift in Sources */,
				A0A0A0A0A0A0A0A0A0A00105 /* Item.swift in Sources */,
				A0A0A0A0A0A0A0A0A0A00107 /* CategoryListView.swift in Sources */,
				A0A0A0A0A0A0A0A0A0A00109 /* CategoryRow.swift in Sources */,
				A0A0A0A0A0A0A0A0A0A0010B /* ItemListView.swift in Sources */,
				A0A0A0A0A0A0A0A0A0A0010D /* ItemRow.swift in Sources */,
				A0A0A0A0A0A0A0A0A0A0010F /* CategoryPalette.swift in Sources */,
				A0A0A0A0A0A0A0A0A0A00111 /* ItemSearch.swift in Sources */,
				A0A0A0A0A0A0A0A0A0A00113 /* Color+Hex.swift in Sources */,
				A0A0A0A0A0A0A0A0A0A00131 /* PreviewSampleData.swift in Sources */,
			);
			runOnlyForDeploymentPostprocessing = 0;
		};
		A0A0A0A0A0A0A0A0A0A00033 /* Sources */ = {
			isa = PBXSourcesBuildPhase;
			buildActionMask = 2147483647;
			files = (
				A0A0A0A0A0A0A0A0A0A00121 /* CategoryPaletteTests.swift in Sources */,
				A0A0A0A0A0A0A0A0A0A00123 /* ItemSearchTests.swift in Sources */,
				A0A0A0A0A0A0A0A0A0A00125 /* ModelCrudTests.swift in Sources */,
			);
			runOnlyForDeploymentPostprocessing = 0;
		};
/* End PBXSourcesBuildPhase section */

/* Begin PBXTargetDependency section */
		A0A0A0A0A0A0A0A0A0A00060 /* PBXTargetDependency */ = {
			isa = PBXTargetDependency;
			target = A0A0A0A0A0A0A0A0A0A00001 /* Todoey */;
			targetProxy = A0A0A0A0A0A0A0A0A0A00061 /* PBXContainerItemProxy */;
		};
/* End PBXTargetDependency section */

/* Begin XCBuildConfiguration section */
		A0A0A0A0A0A0A0A0A0A00020 /* Debug */ = {
			isa = XCBuildConfiguration;
			buildSettings = {
				ALWAYS_SEARCH_USER_PATHS = NO;
				CLANG_ENABLE_MODULES = YES;
				CLANG_ENABLE_OBJC_ARC = YES;
				COPY_PHASE_STRIP = NO;
				DEBUG_INFORMATION_FORMAT = dwarf;
				ENABLE_STRICT_OBJC_MSGSEND = YES;
				ENABLE_TESTABILITY = YES;
				GCC_DYNAMIC_NO_PIC = NO;
				GCC_OPTIMIZATION_LEVEL = 0;
				GCC_PREPROCESSOR_DEFINITIONS = (
					"DEBUG=1",
					"$(inherited)",
				);
				IPHONEOS_DEPLOYMENT_TARGET = 18.0;
				MTL_ENABLE_DEBUG_INFO = INCLUDE_SOURCE;
				ONLY_ACTIVE_ARCH = YES;
				SDKROOT = iphoneos;
				SWIFT_ACTIVE_COMPILATION_CONDITIONS = "DEBUG $(inherited)";
				SWIFT_OPTIMIZATION_LEVEL = "-Onone";
			};
			name = Debug;
		};
		A0A0A0A0A0A0A0A0A0A00021 /* Release */ = {
			isa = XCBuildConfiguration;
			buildSettings = {
				ALWAYS_SEARCH_USER_PATHS = NO;
				CLANG_ENABLE_MODULES = YES;
				CLANG_ENABLE_OBJC_ARC = YES;
				COPY_PHASE_STRIP = NO;
				DEBUG_INFORMATION_FORMAT = "dwarf-with-dsym";
				ENABLE_NS_ASSERTIONS = NO;
				ENABLE_STRICT_OBJC_MSGSEND = YES;
				GCC_OPTIMIZATION_LEVEL = s;
				IPHONEOS_DEPLOYMENT_TARGET = 18.0;
				MTL_ENABLE_DEBUG_INFO = NO;
				SDKROOT = iphoneos;
				SWIFT_COMPILATION_MODE = wholemodule;
				VALIDATE_PRODUCT = YES;
			};
			name = Release;
		};
		A0A0A0A0A0A0A0A0A0A00022 /* Debug */ = {
			isa = XCBuildConfiguration;
			buildSettings = {
				ASSETCATALOG_COMPILER_APPICON_NAME = AppIcon;
				CODE_SIGN_STYLE = Automatic;
				CURRENT_PROJECT_VERSION = 3;
				ENABLE_PREVIEWS = YES;
				GENERATE_INFOPLIST_FILE = YES;
				INFOPLIST_KEY_CFBundleDisplayName = Todoey;
				INFOPLIST_KEY_UILaunchScreen_Generation = YES;
				INFOPLIST_KEY_UISupportedInterfaceOrientations = UIInterfaceOrientationPortrait;
				IPHONEOS_DEPLOYMENT_TARGET = 18.0;
				MARKETING_VERSION = 1.0;
				PRODUCT_BUNDLE_IDENTIFIER = com.kvolodymyr.Todoey;
				PRODUCT_NAME = "$(TARGET_NAME)";
				SUPPORTED_PLATFORMS = "iphoneos iphonesimulator";
				SUPPORTS_MACCATALYST = NO;
				SUPPORTS_MAC_DESIGNED_FOR_IPHONE_IPAD = NO;
				SUPPORTS_XR_DESIGNED_FOR_IPHONE_IPAD = NO;
				SWIFT_EMIT_LOC_STRINGS = YES;
				SWIFT_VERSION = 6.0;
				TARGETED_DEVICE_FAMILY = 1;
			};
			name = Debug;
		};
		A0A0A0A0A0A0A0A0A0A00023 /* Release */ = {
			isa = XCBuildConfiguration;
			buildSettings = {
				ASSETCATALOG_COMPILER_APPICON_NAME = AppIcon;
				CODE_SIGN_STYLE = Automatic;
				CURRENT_PROJECT_VERSION = 3;
				ENABLE_PREVIEWS = YES;
				GENERATE_INFOPLIST_FILE = YES;
				INFOPLIST_KEY_CFBundleDisplayName = Todoey;
				INFOPLIST_KEY_UILaunchScreen_Generation = YES;
				INFOPLIST_KEY_UISupportedInterfaceOrientations = UIInterfaceOrientationPortrait;
				IPHONEOS_DEPLOYMENT_TARGET = 18.0;
				MARKETING_VERSION = 1.0;
				PRODUCT_BUNDLE_IDENTIFIER = com.kvolodymyr.Todoey;
				PRODUCT_NAME = "$(TARGET_NAME)";
				SUPPORTED_PLATFORMS = "iphoneos iphonesimulator";
				SUPPORTS_MACCATALYST = NO;
				SUPPORTS_MAC_DESIGNED_FOR_IPHONE_IPAD = NO;
				SUPPORTS_XR_DESIGNED_FOR_IPHONE_IPAD = NO;
				SWIFT_EMIT_LOC_STRINGS = YES;
				SWIFT_VERSION = 6.0;
				TARGETED_DEVICE_FAMILY = 1;
			};
			name = Release;
		};
		A0A0A0A0A0A0A0A0A0A00024 /* Debug */ = {
			isa = XCBuildConfiguration;
			buildSettings = {
				BUNDLE_LOADER = "$(TEST_HOST)";
				CODE_SIGN_STYLE = Automatic;
				CURRENT_PROJECT_VERSION = 2;
				GENERATE_INFOPLIST_FILE = YES;
				IPHONEOS_DEPLOYMENT_TARGET = 18.0;
				MARKETING_VERSION = 0.2;
				PRODUCT_BUNDLE_IDENTIFIER = com.kvolodymyr.TodoeyTests;
				PRODUCT_NAME = "$(TARGET_NAME)";
				SWIFT_EMIT_LOC_STRINGS = YES;
				SWIFT_VERSION = 6.0;
				TARGETED_DEVICE_FAMILY = 1;
				TEST_HOST = "$(BUILT_PRODUCTS_DIR)/Todoey.app/$(BUNDLE_EXECUTABLE_FOLDER_PATH)/Todoey";
			};
			name = Debug;
		};
		A0A0A0A0A0A0A0A0A0A00025 /* Release */ = {
			isa = XCBuildConfiguration;
			buildSettings = {
				BUNDLE_LOADER = "$(TEST_HOST)";
				CODE_SIGN_STYLE = Automatic;
				CURRENT_PROJECT_VERSION = 2;
				GENERATE_INFOPLIST_FILE = YES;
				IPHONEOS_DEPLOYMENT_TARGET = 18.0;
				MARKETING_VERSION = 0.2;
				PRODUCT_BUNDLE_IDENTIFIER = com.kvolodymyr.TodoeyTests;
				PRODUCT_NAME = "$(TARGET_NAME)";
				SWIFT_EMIT_LOC_STRINGS = YES;
				SWIFT_VERSION = 6.0;
				TARGETED_DEVICE_FAMILY = 1;
				TEST_HOST = "$(BUILT_PRODUCTS_DIR)/Todoey.app/$(BUNDLE_EXECUTABLE_FOLDER_PATH)/Todoey";
			};
			name = Release;
		};
/* End XCBuildConfiguration section */

/* Begin XCConfigurationList section */
		A0A0A0A0A0A0A0A0A0A00010 /* Build configuration list for PBXProject "Todoey" */ = {
			isa = XCConfigurationList;
			buildConfigurations = (
				A0A0A0A0A0A0A0A0A0A00020 /* Debug */,
				A0A0A0A0A0A0A0A0A0A00021 /* Release */,
			);
			defaultConfigurationIsVisible = 0;
			defaultConfigurationName = Release;
		};
		A0A0A0A0A0A0A0A0A0A00011 /* Build configuration list for PBXNativeTarget "Todoey" */ = {
			isa = XCConfigurationList;
			buildConfigurations = (
				A0A0A0A0A0A0A0A0A0A00022 /* Debug */,
				A0A0A0A0A0A0A0A0A0A00023 /* Release */,
			);
			defaultConfigurationIsVisible = 0;
			defaultConfigurationName = Release;
		};
		A0A0A0A0A0A0A0A0A0A00012 /* Build configuration list for PBXNativeTarget "TodoeyTests" */ = {
			isa = XCConfigurationList;
			buildConfigurations = (
				A0A0A0A0A0A0A0A0A0A00024 /* Debug */,
				A0A0A0A0A0A0A0A0A0A00025 /* Release */,
			);
			defaultConfigurationIsVisible = 0;
			defaultConfigurationName = Release;
		};
/* End XCConfigurationList section */
	};
	rootObject = A0A0A0A0A0A0A0A0A0A00003 /* Project object */;
}
